
Microsoft Visual Studio Solution File, Format Version 12.00
# Visual Studio Version 17
VisualStudioVersion = 17.3.32804.467
MinimumVisualStudioVersion = 10.0.40219.1
Project("{FAE04EC0-301F-11D3-BF4B-00C04F79EFBC}") = "DBDT", "DBDT\DBDT.csproj", "{20141EC2-0554-43A8-998A-DD2CE12BB10C}"
EndProject
Project("{FAE04EC0-301F-11D3-BF4B-00C04F79EFBC}") = "WPF.MDI", "..\MDI\WPF.MDI\WPF.MDI.csproj", "{BE1ED569-5E0B-4DF0-8964-33AD2AAE4C4A}"
EndProject
Global
	GlobalSection(SolutionConfigurationPlatforms) = preSolution
		Debug|Any CPU = Debug|Any CPU
		Release|Any CPU = Release|Any CPU
	EndGlobalSection
	GlobalSection(ProjectConfigurationPlatforms) = postSolution
		{20141EC2-0554-43A8-998A-DD2CE12BB10C}.Debug|Any CPU.ActiveCfg = Debug|Any CPU
		{20141EC2-0554-43A8-998A-DD2CE12BB10C}.Debug|Any CPU.Build.0 = Debug|Any CPU
		{20141EC2-0554-43A8-998A-DD2CE12BB10C}.Release|Any CPU.ActiveCfg = Release|Any CPU
		{20141EC2-0554-43A8-998A-DD2CE12BB10C}.Release|Any CPU.Build.0 = Release|Any CPU
		{BE1ED569-5E0B-4DF0-8964-33AD2AAE4C4A}.Debug|Any CPU.ActiveCfg = Debug|Any CPU
		{BE1ED569-5E0B-4DF0-8964-33AD2AAE4C4A}.Debug|Any CPU.Build.0 = Debug|Any CPU
		{BE1ED569-5E0B-4DF0-8964-33AD2AAE4C4A}.Release|Any CPU.ActiveCfg = Release|Any CPU
		{BE1ED569-5E0B-4DF0-8964-33AD2AAE4C4A}.Release|Any CPU.Build.0 = Release|Any CPU
	EndGlobalSection
	GlobalSection(SolutionProperties) = preSolution
		HideSolutionNode = FALSE
	EndGlobalSection
	GlobalSection(ExtensibilityGlobals) = postSolution
		SolutionGuid = {CC83D9E8-BD6D-4882-BC20-87830A975B87}
	EndGlobalSection
EndGlobal
